// !$*UTF8*$!
{
	archiveVersion = 1;
	classes = {
	};
	objectVersion = 46;
	objects = {

/* Begin PBXBuildFile section */
		814C3ACA1B69877600E307BB /* Main.storyboard in Resources */ = {isa = PBXBuildFile; fileRef = 814C3AC61B69877600E307BB /* Main.storyboard */; };
		814C3ACB1B69877600E307BB /* Images.xcassets in Resources */ = {isa = PBXBuildFile; fileRef = 814C3AC81B69877600E307BB /* Images.xcassets */; };
		81BA814B1A49DA1800E65899 /* AppDelegate.swift in Sources */ = {isa = PBXBuildFile; fileRef = 81BA814A1A49DA1800E65899 /* AppDelegate.swift */; };
		81BA814D1A49DA1800E65899 /* HomeViewController.swift in Sources */ = {isa = PBXBuildFile; fileRef = 81BA814C1A49DA1800E65899 /* HomeViewController.swift */; };
		81BA81701A49DB6800E65899 /* Bolts.framework in Frameworks */ = {isa = PBXBuildFile; fileRef = 81BA816B1A49DB6800E65899 /* Bolts.framework */; };
		81BA81711A49DB6800E65899 /* Parse.framework in Frameworks */ = {isa = PBXBuildFile; fileRef = 81BA816C1A49DB6800E65899 /* Parse.framework */; };
		81BA81771A49E0D500E65899 /* libsqlite3.dylib in Frameworks */ = {isa = PBXBuildFile; fileRef = 81BA81761A49E0D500E65899 /* libsqlite3.dylib */; };
		81BA81791A49E0DB00E65899 /* AudioToolbox.framework in Frameworks */ = {isa = PBXBuildFile; fileRef = 81BA81781A49E0DB00E65899 /* AudioToolbox.framework */; };
		81BA817B1A49E0E500E65899 /* SystemConfiguration.framework in Frameworks */ = {isa = PBXBuildFile; fileRef = 81BA817A1A49E0E500E65899 /* SystemConfiguration.framework */; };
		81BA817F1A49E0F000E65899 /* libstdc++.6.dylib in Frameworks */ = {isa = PBXBuildFile; fileRef = 81BA817E1A49E0F000E65899 /* libstdc++.6.dylib */; };
		D03EA01A1CCC0FA60097A6E0 /* request copy.png in Resources */ = {isa = PBXBuildFile; fileRef = D03EA0191CCC0FA60097A6E0 /* request copy.png */; };
		D03EA01C1CCC10090097A6E0 /* request.png in Resources */ = {isa = PBXBuildFile; fileRef = D03EA01B1CCC10090097A6E0 /* request.png */; };
		D03EA01E1CCC119B0097A6E0 /* Accept Icon 2x.png in Resources */ = {isa = PBXBuildFile; fileRef = D03EA01D1CCC119B0097A6E0 /* Accept Icon 2x.png */; };
		D03EA0201CCC11D20097A6E0 /* Deny Icon 2x.png in Resources */ = {isa = PBXBuildFile; fileRef = D03EA01F1CCC11D20097A6E0 /* Deny Icon 2x.png */; };
		D03EA0221CCC2CD90097A6E0 /* PopoverStatusViewController.swift in Sources */ = {isa = PBXBuildFile; fileRef = D03EA0211CCC2CD90097A6E0 /* PopoverStatusViewController.swift */; };
		D03EA0281CCFF6200097A6E0 /* UserSearchTableCellTableViewCell.swift in Sources */ = {isa = PBXBuildFile; fileRef = D03EA0271CCFF6200097A6E0 /* UserSearchTableCellTableViewCell.swift */; };
		D03EA02A1CD276240097A6E0 /* userTextField.swift in Sources */ = {isa = PBXBuildFile; fileRef = D03EA0291CD276240097A6E0 /* userTextField.swift */; };
		D053BFE91CCADB6900225898 /* smile.png in Resources */ = {isa = PBXBuildFile; fileRef = D053BFE81CCADB6900225898 /* smile.png */; };
		D053BFEB1CCAE18500225898 /* mefree.png in Resources */ = {isa = PBXBuildFile; fileRef = D053BFEA1CCAE18500225898 /* mefree.png */; };
		D053BFED1CCBFF2A00225898 /* settings.png in Resources */ = {isa = PBXBuildFile; fileRef = D053BFEC1CCBFF2A00225898 /* settings.png */; };
		D053BFF01CCBFFB500225898 /* me.png in Resources */ = {isa = PBXBuildFile; fileRef = D053BFEE1CCBFFB500225898 /* me.png */; };
		D053BFF11CCBFFB500225898 /* friends.png in Resources */ = {isa = PBXBuildFile; fileRef = D053BFEF1CCBFFB500225898 /* friends.png */; };
		D0582F981CA20C8600931EED /* LoginViewController.swift in Sources */ = {isa = PBXBuildFile; fileRef = D0582F971CA20C8600931EED /* LoginViewController.swift */; };
		D0582F9A1CA20CD900931EED /* SignupViewController.swift in Sources */ = {isa = PBXBuildFile; fileRef = D0582F991CA20CD900931EED /* SignupViewController.swift */; };
		D0582F9E1CA37B7100931EED /* MeViewController.swift in Sources */ = {isa = PBXBuildFile; fileRef = D0582F9D1CA37B7100931EED /* MeViewController.swift */; };
		D0582FB01CA884D200931EED /* FriendsTableViewController.swift in Sources */ = {isa = PBXBuildFile; fileRef = D0582FAF1CA884D200931EED /* FriendsTableViewController.swift */; };
		D0582FB41CAA08A600931EED /* UserSearchViewController.swift in Sources */ = {isa = PBXBuildFile; fileRef = D0582FB31CAA08A600931EED /* UserSearchViewController.swift */; };
		D0D8F3A21CAB48200095CD11 /* ProfileViewController.swift in Sources */ = {isa = PBXBuildFile; fileRef = D0D8F3A11CAB48200095CD11 /* ProfileViewController.swift */; };
		D0D8F3A61CAC726F0095CD11 /* LaunchScreen.storyboard in Resources */ = {isa = PBXBuildFile; fileRef = D0D8F3A51CAC726F0095CD11 /* LaunchScreen.storyboard */; };
		D0D8F3A81CACAE0E0095CD11 /* FriendRequestTableViewController.swift in Sources */ = {isa = PBXBuildFile; fileRef = D0D8F3A71CACAE0E0095CD11 /* FriendRequestTableViewController.swift */; };
		D0D8F3AA1CACB8010095CD11 /* FriendRequestTableViewCell.swift in Sources */ = {isa = PBXBuildFile; fileRef = D0D8F3A91CACB8010095CD11 /* FriendRequestTableViewCell.swift */; };
		D0D8F3B01CB095F80095CD11 /* FriendTableViewCell.swift in Sources */ = {isa = PBXBuildFile; fileRef = D0D8F3AF1CB095F80095CD11 /* FriendTableViewCell.swift */; };
		D0D8F3CC1CB1CF8A0095CD11 /* status.jpg in Resources */ = {isa = PBXBuildFile; fileRef = D0D8F3CB1CB1CF8A0095CD11 /* status.jpg */; };
		D0D8F3D21CB2262F0095CD11 /* ProfileSettingsTableViewController.swift in Sources */ = {isa = PBXBuildFile; fileRef = D0D8F3D11CB2262F0095CD11 /* ProfileSettingsTableViewController.swift */; };
		D0D8F3D51CB33C560095CD11 /* red.jpg in Resources */ = {isa = PBXBuildFile; fileRef = D0D8F3D31CB33C560095CD11 /* red.jpg */; };
		D0D8F3D61CB33C560095CD11 /* green.jpg in Resources */ = {isa = PBXBuildFile; fileRef = D0D8F3D41CB33C560095CD11 /* green.jpg */; };
/* End PBXBuildFile section */

/* Begin PBXFileReference section */
		814C3AC71B69877600E307BB /* Base */ = {isa = PBXFileReference; lastKnownFileType = file.storyboard; name = Base; path = Base.lproj/Main.storyboard; sourceTree = "<group>"; };
		814C3AC81B69877600E307BB /* Images.xcassets */ = {isa = PBXFileReference; lastKnownFileType = folder.assetcatalog; path = Images.xcassets; sourceTree = "<group>"; };
		814C3AC91B69877600E307BB /* Info.plist */ = {isa = PBXFileReference; fileEncoding = 4; lastKnownFileType = text.plist.xml; path = Info.plist; sourceTree = "<group>"; };
		81BA81451A49DA1800E65899 /* MeFree.app */ = {isa = PBXFileReference; explicitFileType = wrapper.application; includeInIndex = 0; path = MeFree.app; sourceTree = BUILT_PRODUCTS_DIR; };
		81BA814A1A49DA1800E65899 /* AppDelegate.swift */ = {isa = PBXFileReference; lastKnownFileType = sourcecode.swift; path = AppDelegate.swift; sourceTree = "<group>"; };
		81BA814C1A49DA1800E65899 /* HomeViewController.swift */ = {isa = PBXFileReference; lastKnownFileType = sourcecode.swift; path = HomeViewController.swift; sourceTree = "<group>"; };
		81BA816B1A49DB6800E65899 /* Bolts.framework */ = {isa = PBXFileReference; lastKnownFileType = wrapper.framework; path = Bolts.framework; sourceTree = "<group>"; };
		81BA816C1A49DB6800E65899 /* Parse.framework */ = {isa = PBXFileReference; lastKnownFileType = wrapper.framework; path = Parse.framework; sourceTree = "<group>"; };
		81BA816E1A49DB6800E65899 /* ParseFacebookUtils.framework */ = {isa = PBXFileReference; lastKnownFileType = wrapper.framework; path = ParseFacebookUtils.framework; sourceTree = "<group>"; };
		81BA81761A49E0D500E65899 /* libsqlite3.dylib */ = {isa = PBXFileReference; lastKnownFileType = "compiled.mach-o.dylib"; name = libsqlite3.dylib; path = usr/lib/libsqlite3.dylib; sourceTree = SDKROOT; };
		81BA81781A49E0DB00E65899 /* AudioToolbox.framework */ = {isa = PBXFileReference; lastKnownFileType = wrapper.framework; name = AudioToolbox.framework; path = System/Library/Frameworks/AudioToolbox.framework; sourceTree = SDKROOT; };
		81BA817A1A49E0E500E65899 /* SystemConfiguration.framework */ = {isa = PBXFileReference; lastKnownFileType = wrapper.framework; name = SystemConfiguration.framework; path = System/Library/Frameworks/SystemConfiguration.framework; sourceTree = SDKROOT; };
		81BA817E1A49E0F000E65899 /* libstdc++.6.dylib */ = {isa = PBXFileReference; lastKnownFileType = "compiled.mach-o.dylib"; name = "libstdc++.6.dylib"; path = "usr/lib/libstdc++.6.dylib"; sourceTree = SDKROOT; };
		81BA81801A49E10C00E65899 /* ParseUI.framework */ = {isa = PBXFileReference; lastKnownFileType = wrapper.framework; path = ParseUI.framework; sourceTree = "<group>"; };
		D03EA0191CCC0FA60097A6E0 /* request copy.png */ = {isa = PBXFileReference; lastKnownFileType = image.png; path = "request copy.png"; sourceTree = "<group>"; };
		D03EA01B1CCC10090097A6E0 /* request.png */ = {isa = PBXFileReference; lastKnownFileType = image.png; path = request.png; sourceTree = "<group>"; };
		D03EA01D1CCC119B0097A6E0 /* Accept Icon 2x.png */ = {isa = PBXFileReference; lastKnownFileType = image.png; path = "Accept Icon 2x.png"; sourceTree = "<group>"; };
		D03EA01F1CCC11D20097A6E0 /* Deny Icon 2x.png */ = {isa = PBXFileReference; lastKnownFileType = image.png; path = "Deny Icon 2x.png"; sourceTree = "<group>"; };
		D03EA0211CCC2CD90097A6E0 /* PopoverStatusViewController.swift */ = {isa = PBXFileReference; fileEncoding = 4; lastKnownFileType = sourcecode.swift; path = PopoverStatusViewController.swift; sourceTree = "<group>"; };
		D03EA0271CCFF6200097A6E0 /* UserSearchTableCellTableViewCell.swift */ = {isa = PBXFileReference; fileEncoding = 4; lastKnownFileType = sourcecode.swift; path = UserSearchTableCellTableViewCell.swift; sourceTree = "<group>"; };
		D03EA0291CD276240097A6E0 /* userTextField.swift */ = {isa = PBXFileReference; fileEncoding = 4; lastKnownFileType = sourcecode.swift; path = userTextField.swift; sourceTree = "<group>"; };
		D053BFE81CCADB6900225898 /* smile.png */ = {isa = PBXFileReference; lastKnownFileType = image.png; path = smile.png; sourceTree = "<group>"; };
		D053BFEA1CCAE18500225898 /* mefree.png */ = {isa = PBXFileReference; lastKnownFileType = image.png; path = mefree.png; sourceTree = "<group>"; };
		D053BFEC1CCBFF2A00225898 /* settings.png */ = {isa = PBXFileReference; lastKnownFileType = image.png; path = settings.png; sourceTree = "<group>"; };
		D053BFEE1CCBFFB500225898 /* me.png */ = {isa = PBXFileReference; lastKnownFileType = image.png; path = me.png; sourceTree = "<group>"; };
		D053BFEF1CCBFFB500225898 /* friends.png */ = {isa = PBXFileReference; lastKnownFileType = image.png; path = friends.png; sourceTree = "<group>"; };
		D0582F971CA20C8600931EED /* LoginViewController.swift */ = {isa = PBXFileReference; fileEncoding = 4; lastKnownFileType = sourcecode.swift; path = LoginViewController.swift; sourceTree = "<group>"; };
		D0582F991CA20CD900931EED /* SignupViewController.swift */ = {isa = PBXFileReference; fileEncoding = 4; lastKnownFileType = sourcecode.swift; path = SignupViewController.swift; sourceTree = "<group>"; };
		D0582F9D1CA37B7100931EED /* MeViewController.swift */ = {isa = PBXFileReference; fileEncoding = 4; lastKnownFileType = sourcecode.swift; path = MeViewController.swift; sourceTree = "<group>"; };
		D0582FAF1CA884D200931EED /* FriendsTableViewController.swift */ = {isa = PBXFileReference; fileEncoding = 4; lastKnownFileType = sourcecode.swift; path = FriendsTableViewController.swift; sourceTree = "<group>"; };
		D0582FB31CAA08A600931EED /* UserSearchViewController.swift */ = {isa = PBXFileReference; fileEncoding = 4; lastKnownFileType = sourcecode.swift; path = UserSearchViewController.swift; sourceTree = "<group>"; };
		D0D8F3A11CAB48200095CD11 /* ProfileViewController.swift */ = {isa = PBXFileReference; fileEncoding = 4; lastKnownFileType = sourcecode.swift; path = ProfileViewController.swift; sourceTree = "<group>"; };
		D0D8F3A51CAC726F0095CD11 /* LaunchScreen.storyboard */ = {isa = PBXFileReference; fileEncoding = 4; lastKnownFileType = file.storyboard; path = LaunchScreen.storyboard; sourceTree = "<group>"; };
		D0D8F3A71CACAE0E0095CD11 /* FriendRequestTableViewController.swift */ = {isa = PBXFileReference; fileEncoding = 4; lastKnownFileType = sourcecode.swift; path = FriendRequestTableViewController.swift; sourceTree = "<group>"; };
		D0D8F3A91CACB8010095CD11 /* FriendRequestTableViewCell.swift */ = {isa = PBXFileReference; fileEncoding = 4; lastKnownFileType = sourcecode.swift; path = FriendRequestTableViewCell.swift; sourceTree = "<group>"; };
		D0D8F3AF1CB095F80095CD11 /* FriendTableViewCell.swift */ = {isa = PBXFileReference; fileEncoding = 4; lastKnownFileType = sourcecode.swift; path = FriendTableViewCell.swift; sourceTree = "<group>"; };
		D0D8F3CB1CB1CF8A0095CD11 /* status.jpg */ = {isa = PBXFileReference; lastKnownFileType = image.jpeg; path = status.jpg; sourceTree = "<group>"; };
		D0D8F3D11CB2262F0095CD11 /* ProfileSettingsTableViewController.swift */ = {isa = PBXFileReference; fileEncoding = 4; lastKnownFileType = sourcecode.swift; path = ProfileSettingsTableViewController.swift; sourceTree = "<group>"; };
		D0D8F3D31CB33C560095CD11 /* red.jpg */ = {isa = PBXFileReference; lastKnownFileType = image.jpeg; path = red.jpg; sourceTree = "<group>"; };
		D0D8F3D41CB33C560095CD11 /* green.jpg */ = {isa = PBXFileReference; lastKnownFileType = image.jpeg; path = green.jpg; sourceTree = "<group>"; };
/* End PBXFileReference section */

/* Begin PBXFrameworksBuildPhase section */
		81BA81421A49DA1800E65899 /* Frameworks */ = {
			isa = PBXFrameworksBuildPhase;
			buildActionMask = 2147483647;
			files = (
				81BA817F1A49E0F000E65899 /* libstdc++.6.dylib in Frameworks */,
				81BA817B1A49E0E500E65899 /* SystemConfiguration.framework in Frameworks */,
				81BA81791A49E0DB00E65899 /* AudioToolbox.framework in Frameworks */,
				81BA81771A49E0D500E65899 /* libsqlite3.dylib in Frameworks */,
				81BA81711A49DB6800E65899 /* Parse.framework in Frameworks */,
				81BA81701A49DB6800E65899 /* Bolts.framework in Frameworks */,
			);
			runOnlyForDeploymentPostprocessing = 0;
		};
/* End PBXFrameworksBuildPhase section */

/* Begin PBXGroup section */
		814C3AC51B69877600E307BB /* Resources */ = {
			isa = PBXGroup;
			children = (
				814C3AC81B69877600E307BB /* Images.xcassets */,
				814C3AC91B69877600E307BB /* Info.plist */,
			);
			path = Resources;
			sourceTree = "<group>";
		};
		81BA813C1A49DA1800E65899 = {
			isa = PBXGroup;
			children = (
				81BA81471A49DA1800E65899 /* MeFree */,
				814C3AC51B69877600E307BB /* Resources */,
				81BA816A1A49DB5600E65899 /* Frameworks */,
				81BA81461A49DA1800E65899 /* Products */,
			);
			sourceTree = "<group>";
		};
		81BA81461A49DA1800E65899 /* Products */ = {
			isa = PBXGroup;
			children = (
				81BA81451A49DA1800E65899 /* MeFree.app */,
			);
			name = Products;
			sourceTree = "<group>";
		};
		81BA81471A49DA1800E65899 /* MeFree */ = {
			isa = PBXGroup;
			children = (
				D03EA01F1CCC11D20097A6E0 /* Deny Icon 2x.png */,
				D03EA01D1CCC119B0097A6E0 /* Accept Icon 2x.png */,
				D03EA01B1CCC10090097A6E0 /* request.png */,
				D053BFEE1CCBFFB500225898 /* me.png */,
				D053BFEF1CCBFFB500225898 /* friends.png */,
				D053BFEC1CCBFF2A00225898 /* settings.png */,
				D053BFEA1CCAE18500225898 /* mefree.png */,
				D053BFE81CCADB6900225898 /* smile.png */,
				D0D8F3D31CB33C560095CD11 /* red.jpg */,
				D0D8F3D41CB33C560095CD11 /* green.jpg */,
				D0D8F3CB1CB1CF8A0095CD11 /* status.jpg */,
				81BA814A1A49DA1800E65899 /* AppDelegate.swift */,
				81BA814C1A49DA1800E65899 /* HomeViewController.swift */,
				814C3AC61B69877600E307BB /* Main.storyboard */,
				D03EA0191CCC0FA60097A6E0 /* request copy.png */,
				D0582F971CA20C8600931EED /* LoginViewController.swift */,
				D0582F991CA20CD900931EED /* SignupViewController.swift */,
				D0582F9D1CA37B7100931EED /* MeViewController.swift */,
				D0582FAF1CA884D200931EED /* FriendsTableViewController.swift */,
				D0D8F3AF1CB095F80095CD11 /* FriendTableViewCell.swift */,
				D0582FB31CAA08A600931EED /* UserSearchViewController.swift */,
				D03EA0271CCFF6200097A6E0 /* UserSearchTableCellTableViewCell.swift */,
				D0D8F3A11CAB48200095CD11 /* ProfileViewController.swift */,
				D0D8F3A51CAC726F0095CD11 /* LaunchScreen.storyboard */,
				D0D8F3A71CACAE0E0095CD11 /* FriendRequestTableViewController.swift */,
				D0D8F3A91CACB8010095CD11 /* FriendRequestTableViewCell.swift */,
				D0D8F3D11CB2262F0095CD11 /* ProfileSettingsTableViewController.swift */,
				D03EA0211CCC2CD90097A6E0 /* PopoverStatusViewController.swift */,
				D03EA0291CD276240097A6E0 /* userTextField.swift */,
			);
			path = MeFree;
			sourceTree = "<group>";
		};
		81BA816A1A49DB5600E65899 /* Frameworks */ = {
			isa = PBXGroup;
			children = (
				81BA816B1A49DB6800E65899 /* Bolts.framework */,
				81BA816C1A49DB6800E65899 /* Parse.framework */,
				81BA816E1A49DB6800E65899 /* ParseFacebookUtils.framework */,
				81BA81801A49E10C00E65899 /* ParseUI.framework */,
				81BA81751A49E0C500E65899 /* System Frameworks */,
			);
			name = Frameworks;
			sourceTree = "<group>";
		};
		81BA81751A49E0C500E65899 /* System Frameworks */ = {
			isa = PBXGroup;
			children = (
				81BA817E1A49E0F000E65899 /* libstdc++.6.dylib */,
				81BA817A1A49E0E500E65899 /* SystemConfiguration.framework */,
				81BA81781A49E0DB00E65899 /* AudioToolbox.framework */,
				81BA81761A49E0D500E65899 /* libsqlite3.dylib */,
			);
			name = "System Frameworks";
			sourceTree = "<group>";
		};
/* End PBXGroup section */

/* Begin PBXNativeTarget section */
		81BA81441A49DA1800E65899 /* MeFree */ = {
			isa = PBXNativeTarget;
			buildConfigurationList = 81BA81641A49DA1800E65899 /* Build configuration list for PBXNativeTarget "MeFree" */;
			buildPhases = (
				81BA81411A49DA1800E65899 /* Sources */,
				81BA81421A49DA1800E65899 /* Frameworks */,
				81BA81431A49DA1800E65899 /* Resources */,
			);
			buildRules = (
			);
			dependencies = (
			);
			name = MeFree;
			productName = ParseStarterProject;
			productReference = 81BA81451A49DA1800E65899 /* MeFree.app */;
			productType = "com.apple.product-type.application";
		};
/* End PBXNativeTarget section */

/* Begin PBXProject section */
		81BA813D1A49DA1800E65899 /* Project object */ = {
			isa = PBXProject;
			attributes = {
				LastSwiftUpdateCheck = 0700;
				LastUpgradeCheck = 0730;
				ORGANIZATIONNAME = Parse;
				TargetAttributes = {
					81BA81441A49DA1800E65899 = {
						CreatedOnToolsVersion = 6.1.1;
						DevelopmentTeam = 3R2V35EPEZ;
					};
				};
			};
			buildConfigurationList = 81BA81401A49DA1800E65899 /* Build configuration list for PBXProject "MeFree" */;
			compatibilityVersion = "Xcode 3.2";
			developmentRegion = English;
			hasScannedForEncodings = 0;
			knownRegions = (
				en,
				Base,
			);
			mainGroup = 81BA813C1A49DA1800E65899;
			productRefGroup = 81BA81461A49DA1800E65899 /* Products */;
			projectDirPath = "";
			projectRoot = "";
			targets = (
				81BA81441A49DA1800E65899 /* MeFree */,
			);
		};
/* End PBXProject section */

/* Begin PBXResourcesBuildPhase section */
		81BA81431A49DA1800E65899 /* Resources */ = {
			isa = PBXResourcesBuildPhase;
			buildActionMask = 2147483647;
			files = (
				D0D8F3A61CAC726F0095CD11 /* LaunchScreen.storyboard in Resources */,
				814C3ACA1B69877600E307BB /* Main.storyboard in Resources */,
				814C3ACB1B69877600E307BB /* Images.xcassets in Resources */,
				D053BFE91CCADB6900225898 /* smile.png in Resources */,
				D03EA01C1CCC10090097A6E0 /* request.png in Resources */,
				D0D8F3D51CB33C560095CD11 /* red.jpg in Resources */,
				D053BFF01CCBFFB500225898 /* me.png in Resources */,
				D0D8F3D61CB33C560095CD11 /* green.jpg in Resources */,
				D053BFED1CCBFF2A00225898 /* settings.png in Resources */,
				D0D8F3CC1CB1CF8A0095CD11 /* status.jpg in Resources */,
				D053BFEB1CCAE18500225898 /* mefree.png in Resources */,
				D03EA0201CCC11D20097A6E0 /* Deny Icon 2x.png in Resources */,
				D03EA01A1CCC0FA60097A6E0 /* request copy.png in Resources */,
				D03EA01E1CCC119B0097A6E0 /* Accept Icon 2x.png in Resources */,
				D053BFF11CCBFFB500225898 /* friends.png in Resources */,
			);
			runOnlyForDeploymentPostprocessing = 0;
		};
/* End PBXResourcesBuildPhase section */

/* Begin PBXSourcesBuildPhase section */
		81BA81411A49DA1800E65899 /* Sources */ = {
			isa = PBXSourcesBuildPhase;
			buildActionMask = 2147483647;
			files = (
				D0582F9E1CA37B7100931EED /* MeViewController.swift in Sources */,
				D0D8F3A81CACAE0E0095CD11 /* FriendRequestTableViewController.swift in Sources */,
				D0582F981CA20C8600931EED /* LoginViewController.swift in Sources */,
				D0D8F3B01CB095F80095CD11 /* FriendTableViewCell.swift in Sources */,
				D03EA0221CCC2CD90097A6E0 /* PopoverStatusViewController.swift in Sources */,
				D0582FB41CAA08A600931EED /* UserSearchViewController.swift in Sources */,
				D0582FB01CA884D200931EED /* FriendsTableViewController.swift in Sources */,
				D03EA0281CCFF6200097A6E0 /* UserSearchTableCellTableViewCell.swift in Sources */,
				D0D8F3AA1CACB8010095CD11 /* FriendRequestTableViewCell.swift in Sources */,
				D0D8F3D21CB2262F0095CD11 /* ProfileSettingsTableViewController.swift in Sources */,
				D03EA02A1CD276240097A6E0 /* userTextField.swift in Sources */,
				81BA814D1A49DA1800E65899 /* HomeViewController.swift in Sources */,
				D0582F9A1CA20CD900931EED /* SignupViewController.swift in Sources */,
				D0D8F3A21CAB48200095CD11 /* ProfileViewController.swift in Sources */,
				81BA814B1A49DA1800E65899 /* AppDelegate.swift in Sources */,
			);
			runOnlyForDeploymentPostprocessing = 0;
		};
/* End PBXSourcesBuildPhase section */

/* Begin PBXVariantGroup section */
		814C3AC61B69877600E307BB /* Main.storyboard */ = {
			isa = PBXVariantGroup;
			children = (
				814C3AC71B69877600E307BB /* Base */,
			);
			name = Main.storyboard;
			path = ../Resources;
			sourceTree = "<group>";
		};
/* End PBXVariantGroup section */

/* Begin XCBuildConfiguration section */
		81BA81621A49DA1800E65899 /* Debug */ = {
			isa = XCBuildConfiguration;
			buildSettings = {
				ALWAYS_SEARCH_USER_PATHS = NO;
				CLANG_CXX_LANGUAGE_STANDARD = "gnu++0x";
				CLANG_CXX_LIBRARY = "libc++";
				CLANG_ENABLE_MODULES = YES;
				CLANG_ENABLE_OBJC_ARC = YES;
				CLANG_WARN_BOOL_CONVERSION = YES;
				CLANG_WARN_CONSTANT_CONVERSION = YES;
				CLANG_WARN_DIRECT_OBJC_ISA_USAGE = YES_ERROR;
				CLANG_WARN_EMPTY_BODY = YES;
				CLANG_WARN_ENUM_CONVERSION = YES;
				CLANG_WARN_INT_CONVERSION = YES;
				CLANG_WARN_OBJC_ROOT_CLASS = YES_ERROR;
				CLANG_WARN_UNREACHABLE_CODE = YES;
				CLANG_WARN__DUPLICATE_METHOD_MATCH = YES;
				"CODE_SIGN_IDENTITY[sdk=iphoneos*]" = "iPhone Developer";
				COPY_PHASE_STRIP = NO;
				ENABLE_STRICT_OBJC_MSGSEND = YES;
				ENABLE_TESTABILITY = YES;
				GCC_C_LANGUAGE_STANDARD = gnu99;
				GCC_DYNAMIC_NO_PIC = NO;
				GCC_OPTIMIZATION_LEVEL = 0;
				GCC_PREPROCESSOR_DEFINITIONS = (
					"DEBUG=1",
					"$(inherited)",
				);
				GCC_SYMBOLS_PRIVATE_EXTERN = NO;
				GCC_WARN_64_TO_32_BIT_CONVERSION = YES;
				GCC_WARN_ABOUT_RETURN_TYPE = YES_ERROR;
				GCC_WARN_UNDECLARED_SELECTOR = YES;
				GCC_WARN_UNINITIALIZED_AUTOS = YES_AGGRESSIVE;
				GCC_WARN_UNUSED_FUNCTION = YES;
				GCC_WARN_UNUSED_VARIABLE = YES;
				IPHONEOS_DEPLOYMENT_TARGET = 7.0;
				MTL_ENABLE_DEBUG_INFO = YES;
				ONLY_ACTIVE_ARCH = YES;
				SDKROOT = iphoneos;
				SWIFT_OPTIMIZATION_LEVEL = "-Onone";
				TARGETED_DEVICE_FAMILY = "1,2";
			};
			name = Debug;
		};
		81BA81631A49DA1800E65899 /* Release */ = {
			isa = XCBuildConfiguration;
			buildSettings = {
				ALWAYS_SEARCH_USER_PATHS = NO;
				CLANG_CXX_LANGUAGE_STANDARD = "gnu++0x";
				CLANG_CXX_LIBRARY = "libc++";
				CLANG_ENABLE_MODULES = YES;
				CLANG_ENABLE_OBJC_ARC = YES;
				CLANG_WARN_BOOL_CONVERSION = YES;
				CLANG_WARN_CONSTANT_CONVERSION = YES;
				CLANG_WARN_DIRECT_OBJC_ISA_USAGE = YES_ERROR;
				CLANG_WARN_EMPTY_BODY = YES;
				CLANG_WARN_ENUM_CONVERSION = YES;
				CLANG_WARN_INT_CONVERSION = YES;
				CLANG_WARN_OBJC_ROOT_CLASS = YES_ERROR;
				CLANG_WARN_UNREACHABLE_CODE = YES;
				CLANG_WARN__DUPLICATE_METHOD_MATCH = YES;
				"CODE_SIGN_IDENTITY[sdk=iphoneos*]" = "iPhone Developer";
				COPY_PHASE_STRIP = YES;
				ENABLE_NS_ASSERTIONS = NO;
				ENABLE_STRICT_OBJC_MSGSEND = YES;
				GCC_C_LANGUAGE_STANDARD = gnu99;
				GCC_WARN_64_TO_32_BIT_CONVERSION = YES;
				GCC_WARN_ABOUT_RETURN_TYPE = YES_ERROR;
				GCC_WARN_UNDECLARED_SELECTOR = YES;
				GCC_WARN_UNINITIALIZED_AUTOS = YES_AGGRESSIVE;
				GCC_WARN_UNUSED_FUNCTION = YES;
				GCC_WARN_UNUSED_VARIABLE = YES;
				IPHONEOS_DEPLOYMENT_TARGET = 7.0;
				MTL_ENABLE_DEBUG_INFO = NO;
				SDKROOT = iphoneos;
				TARGETED_DEVICE_FAMILY = "1,2";
				VALIDATE_PRODUCT = YES;
			};
			name = Release;
		};
		81BA81651A49DA1800E65899 /* Debug */ = {
			isa = XCBuildConfiguration;
			buildSettings = {
				ASSETCATALOG_COMPILER_APPICON_NAME = AppIcon;
				ASSETCATALOG_COMPILER_LAUNCHIMAGE_NAME = LaunchImage;
				CODE_SIGN_IDENTITY = "iPhone Developer";
				FRAMEWORK_SEARCH_PATHS = (
					"$(inherited)",
					"$(PROJECT_DIR)",
				);
				INFOPLIST_FILE = Resources/Info.plist;
				LD_RUNPATH_SEARCH_PATHS = "$(inherited) @executable_path/Frameworks";
				PRODUCT_BUNDLE_IDENTIFIER = "com.parse.$(PRODUCT_NAME:rfc1034identifier)";
				PRODUCT_NAME = MeFree;
				TARGETED_DEVICE_FAMILY = 1;
			};
			name = Debug;
		};
		81BA81661A49DA1800E65899 /* Release */ = {
			isa = XCBuildConfiguration;
			buildSettings = {
				ASSETCATALOG_COMPILER_APPICON_NAME = AppIcon;
				ASSETCATALOG_COMPILER_LAUNCHIMAGE_NAME = LaunchImage;
				CODE_SIGN_IDENTITY = "iPhone Developer";
				FRAMEWORK_SEARCH_PATHS = (
					"$(inherited)",
					"$(PROJECT_DIR)",
				);
				INFOPLIST_FILE = Resources/Info.plist;
				LD_RUNPATH_SEARCH_PATHS = "$(inherited) @executable_path/Frameworks";
				PRODUCT_BUNDLE_IDENTIFIER = "com.parse.$(PRODUCT_NAME:rfc1034identifier)";
				PRODUCT_NAME = MeFree;
				TARGETED_DEVICE_FAMILY = 1;
			};
			name = Release;
		};
/* End XCBuildConfiguration section */

/* Begin XCConfigurationList section */
		81BA81401A49DA1800E65899 /* Build configuration list for PBXProject "MeFree" */ = {
			isa = XCConfigurationList;
			buildConfigurations = (
				81BA81621A49DA1800E65899 /* Debug */,
				81BA81631A49DA1800E65899 /* Release */,
			);
			defaultConfigurationIsVisible = 0;
			defaultConfigurationName = Release;
		};
		81BA81641A49DA1800E65899 /* Build configuration list for PBXNativeTarget "MeFree" */ = {
			isa = XCConfigurationList;
			buildConfigurations = (
				81BA81651A49DA1800E65899 /* Debug */,
				81BA81661A49DA1800E65899 /* Release */,
			);
			defaultConfigurationIsVisible = 0;
			defaultConfigurationName = Release;
		};
/* End XCConfigurationList section */
	};
	rootObject = 81BA813D1A49DA1800E65899 /* Project object */;
}
